
Microsoft Visual Studio Solution File, Format Version 12.00
# Visual Studio 15
VisualStudioVersion = 15.0.33801.198
MinimumVisualStudioVersion = 10.0.40219.1
Project("{FAE04EC0-301F-11D3-BF4B-00C04F79EFBC}") = "DTO", "DTO\DTO.csproj", "{3BA3A4A3-AAD0-4609-B603-8B4C580BE1F5}"
EndProject
Project("{FAE04EC0-301F-11D3-BF4B-00C04F79EFBC}") = "DAL", "DAL\DAL.csproj", "{ED9B5FFC-825C-46C8-896D-EED0B509E3EB}"
EndProject
Project("{FAE04EC0-301F-11D3-BF4B-00C04F79EFBC}") = "View", "View\View.csproj", "{DC42FC0D-2787-40B3-87BD-5BB59972D09A}"
	ProjectSection(ProjectDependencies) = postProject
		{3BA3A4A3-AAD0-4609-B603-8B4C580BE1F5} = {3BA3A4A3-AAD0-4609-B603-8B4C580BE1F5}
	EndProjectSection
EndProject
Global
	GlobalSection(SolutionConfigurationPlatforms) = preSolution
		Debug|Any CPU = Debug|Any CPU
		Release|Any CPU = Release|Any CPU
	EndGlobalSection
	GlobalSection(ProjectConfigurationPlatforms) = postSolution
		{3BA3A4A3-AAD0-4609-B603-8B4C580BE1F5}.Debug|Any CPU.ActiveCfg = Debug|Any CPU
		{3BA3A4A3-AAD0-4609-B603-8B4C580BE1F5}.Debug|Any CPU.Build.0 = Debug|Any CPU
		{3BA3A4A3-AAD0-4609-B603-8B4C580BE1F5}.Release|Any CPU.ActiveCfg = Release|Any CPU
		{3BA3A4A3-AAD0-4609-B603-8B4C580BE1F5}.Release|Any CPU.Build.0 = Release|Any CPU
		{ED9B5FFC-825C-46C8-896D-EED0B509E3EB}.Debug|Any CPU.ActiveCfg = Debug|Any CPU
		{ED9B5FFC-825C-46C8-896D-EED0B509E3EB}.Debug|Any CPU.Build.0 = Debug|Any CPU
		{ED9B5FFC-825C-46C8-896D-EED0B509E3EB}.Release|Any CPU.ActiveCfg = Release|Any CPU
		{ED9B5FFC-825C-46C8-896D-EED0B509E3EB}.Release|Any CPU.Build.0 = Release|Any CPU
		{DC42FC0D-2787-40B3-87BD-5BB59972D09A}.Debug|Any CPU.ActiveCfg = Debug|Any CPU
		{DC42FC0D-2787-40B3-87BD-5BB59972D09A}.Debug|Any CPU.Build.0 = Debug|Any CPU
		{DC42FC0D-2787-40B3-87BD-5BB59972D09A}.Release|Any CPU.ActiveCfg = Release|Any CPU
		{DC42FC0D-2787-40B3-87BD-5BB59972D09A}.Release|Any CPU.Build.0 = Release|Any CPU
	EndGlobalSection
	GlobalSection(SolutionProperties) = preSolution
		HideSolutionNode = FALSE
	EndGlobalSection
	GlobalSection(ExtensibilityGlobals) = postSolution
		SolutionGuid = {90D17BF1-ABC3-4447-9228-B0795F0A0273}
	EndGlobalSection
EndGlobal
